
Microsoft Visual Studio Solution File, Format Version 12.00
# Visual Studio Version 17
VisualStudioVersion = 17.1.32210.238
MinimumVisualStudioVersion = 10.0.40219.1
Project("{2150E333-8FDC-42A3-9474-1A3956D46DE8}") = "Source", "Source", "{FCD1244B-8270-4B1E-A82E-4AF2AC76068F}"
EndProject
Project("{2150E333-8FDC-42A3-9474-1A3956D46DE8}") = "Server", "Server", "{DC7C0A06-659D-4001-BB00-FCB537AAFBC6}"
EndProject
Project("{FAE04EC0-301F-11D3-BF4B-00C04F79EFBC}") = "Storage", "Source\Server\Storage\Storage.csproj", "{3D5FD935-7EC3-4124-AD51-36DD8914E8C7}"
EndProject
Project("{FAE04EC0-301F-11D3-BF4B-00C04F79EFBC}") = "Host", "Source\Server\Host\Host.csproj", "{B5443618-3E2D-4697-A980-E1BD54796ABB}"
EndProject
Project("{FAE04EC0-301F-11D3-BF4B-00C04F79EFBC}") = "Coby", "Source\Coby\Coby.csproj", "{1C8B9A2E-0DAC-4615-8149-FECD2A8374C5}"
EndProject
Global
	GlobalSection(SolutionConfigurationPlatforms) = preSolution
		Debug|Any CPU = Debug|Any CPU
		Release|Any CPU = Release|Any CPU
	EndGlobalSection
	GlobalSection(ProjectConfigurationPlatforms) = postSolution
		{3D5FD935-7EC3-4124-AD51-36DD8914E8C7}.Debug|Any CPU.ActiveCfg = Debug|Any CPU
		{3D5FD935-7EC3-4124-AD51-36DD8914E8C7}.Debug|Any CPU.Build.0 = Debug|Any CPU
		{3D5FD935-7EC3-4124-AD51-36DD8914E8C7}.Release|Any CPU.ActiveCfg = Release|Any CPU
		{3D5FD935-7EC3-4124-AD51-36DD8914E8C7}.Release|Any CPU.Build.0 = Release|Any CPU
		{B5443618-3E2D-4697-A980-E1BD54796ABB}.Debug|Any CPU.ActiveCfg = Debug|Any CPU
		{B5443618-3E2D-4697-A980-E1BD54796ABB}.Debug|Any CPU.Build.0 = Debug|Any CPU
		{B5443618-3E2D-4697-A980-E1BD54796ABB}.Release|Any CPU.ActiveCfg = Release|Any CPU
		{B5443618-3E2D-4697-A980-E1BD54796ABB}.Release|Any CPU.Build.0 = Release|Any CPU
		{1C8B9A2E-0DAC-4615-8149-FECD2A8374C5}.Debug|Any CPU.ActiveCfg = Debug|Any CPU
		{1C8B9A2E-0DAC-4615-8149-FECD2A8374C5}.Debug|Any CPU.Build.0 = Debug|Any CPU
		{1C8B9A2E-0DAC-4615-8149-FECD2A8374C5}.Release|Any CPU.ActiveCfg = Release|Any CPU
		{1C8B9A2E-0DAC-4615-8149-FECD2A8374C5}.Release|Any CPU.Build.0 = Release|Any CPU
	EndGlobalSection
	GlobalSection(SolutionProperties) = preSolution
		HideSolutionNode = FALSE
	EndGlobalSection
	GlobalSection(NestedProjects) = preSolution
		{DC7C0A06-659D-4001-BB00-FCB537AAFBC6} = {FCD1244B-8270-4B1E-A82E-4AF2AC76068F}
		{3D5FD935-7EC3-4124-AD51-36DD8914E8C7} = {DC7C0A06-659D-4001-BB00-FCB537AAFBC6}
		{B5443618-3E2D-4697-A980-E1BD54796ABB} = {DC7C0A06-659D-4001-BB00-FCB537AAFBC6}
		{1C8B9A2E-0DAC-4615-8149-FECD2A8374C5} = {FCD1244B-8270-4B1E-A82E-4AF2AC76068F}
	EndGlobalSection
	GlobalSection(ExtensibilityGlobals) = postSolution
		SolutionGuid = {4E810C79-C1FE-416A-A341-2ED573BEE209}
	EndGlobalSection
EndGlobal
